
Microsoft Visual Studio Solution File, Format Version 12.00
# Visual Studio Version 17
VisualStudioVersion = 17.6.33815.320
MinimumVisualStudioVersion = 10.0.40219.1
Project("{FAE04EC0-301F-11D3-BF4B-00C04F79EFBC}") = "homework2.0", "homework2.0\homework2.0.csproj", "{54295360-5D86-48AA-BA88-14575D324572}"
EndProject
Global
	GlobalSection(SolutionConfigurationPlatforms) = preSolution
		Debug|Any CPU = Debug|Any CPU
		Release|Any CPU = Release|Any CPU
	EndGlobalSection
	GlobalSection(ProjectConfigurationPlatforms) = postSolution
		{54295360-5D86-48AA-BA88-14575D324572}.Debug|Any CPU.ActiveCfg = Debug|Any CPU
		{54295360-5D86-48AA-BA88-14575D324572}.Debug|Any CPU.Build.0 = Debug|Any CPU
		{54295360-5D86-48AA-BA88-14575D324572}.Release|Any CPU.ActiveCfg = Release|Any CPU
		{54295360-5D86-48AA-BA88-14575D324572}.Release|Any CPU.Build.0 = Release|Any CPU
	EndGlobalSection
	GlobalSection(SolutionProperties) = preSolution
		HideSolutionNode = FALSE
	EndGlobalSection
	GlobalSection(ExtensibilityGlobals) = postSolution
		SolutionGuid = {54582EC0-6860-4F51-A7E3-E84564CB5F77}
	EndGlobalSection
EndGlobal
